
Microsoft Visual Studio Solution File, Format Version 12.00
# Visual Studio 2013
VisualStudioVersion = 12.0.40629.0
MinimumVisualStudioVersion = 10.0.40219.1
Project("{FAE04EC0-301F-11D3-BF4B-00C04F79EFBC}") = "HmiExample", "HmiExample\HmiExample.csproj", "{607F367C-ECEA-4398-A751-118C10143D32}"
EndProject
Project("{FAE04EC0-301F-11D3-BF4B-00C04F79EFBC}") = "S7NetWrapper", "S7NetWrapper\S7NetWrapper.csproj", "{2D06C9D1-69BC-4E29-977A-2D2ADB09CD7F}"
EndProject
Project("{FAE04EC0-301F-11D3-BF4B-00C04F79EFBC}") = "plcserver", "plcserver\plcserver.csproj", "{1DB1D5BC-4694-4AAD-9DAA-4D4F52051275}"
EndProject
Project("{FAE04EC0-301F-11D3-BF4B-00C04F79EFBC}") = "OMSCore", "OMSCore\OMSCore.csproj", "{2495D0D3-461F-4E67-9CED-B311F1F9EF33}"
EndProject
Project("{2150E333-8FDC-42A3-9474-1A3956D46DE8}") = "doc", "doc", "{0100AB06-8873-41A0-B038-B2D0148A82CC}"
	ProjectSection(SolutionItems) = preProject
		DOC.TXT = DOC.TXT
	EndProjectSection
EndProject
Global
	GlobalSection(SolutionConfigurationPlatforms) = preSolution
		Debug|Any CPU = Debug|Any CPU
		Release|Any CPU = Release|Any CPU
	EndGlobalSection
	GlobalSection(ProjectConfigurationPlatforms) = postSolution
		{607F367C-ECEA-4398-A751-118C10143D32}.Debug|Any CPU.ActiveCfg = Debug|Any CPU
		{607F367C-ECEA-4398-A751-118C10143D32}.Debug|Any CPU.Build.0 = Debug|Any CPU
		{607F367C-ECEA-4398-A751-118C10143D32}.Release|Any CPU.ActiveCfg = Release|Any CPU
		{607F367C-ECEA-4398-A751-118C10143D32}.Release|Any CPU.Build.0 = Release|Any CPU
		{2D06C9D1-69BC-4E29-977A-2D2ADB09CD7F}.Debug|Any CPU.ActiveCfg = Debug|Any CPU
		{2D06C9D1-69BC-4E29-977A-2D2ADB09CD7F}.Debug|Any CPU.Build.0 = Debug|Any CPU
		{2D06C9D1-69BC-4E29-977A-2D2ADB09CD7F}.Release|Any CPU.ActiveCfg = Release|Any CPU
		{2D06C9D1-69BC-4E29-977A-2D2ADB09CD7F}.Release|Any CPU.Build.0 = Release|Any CPU
		{1DB1D5BC-4694-4AAD-9DAA-4D4F52051275}.Debug|Any CPU.ActiveCfg = Debug|Any CPU
		{1DB1D5BC-4694-4AAD-9DAA-4D4F52051275}.Debug|Any CPU.Build.0 = Debug|Any CPU
		{1DB1D5BC-4694-4AAD-9DAA-4D4F52051275}.Release|Any CPU.ActiveCfg = Release|Any CPU
		{1DB1D5BC-4694-4AAD-9DAA-4D4F52051275}.Release|Any CPU.Build.0 = Release|Any CPU
		{2495D0D3-461F-4E67-9CED-B311F1F9EF33}.Debug|Any CPU.ActiveCfg = Debug|Any CPU
		{2495D0D3-461F-4E67-9CED-B311F1F9EF33}.Debug|Any CPU.Build.0 = Debug|Any CPU
		{2495D0D3-461F-4E67-9CED-B311F1F9EF33}.Release|Any CPU.ActiveCfg = Release|Any CPU
		{2495D0D3-461F-4E67-9CED-B311F1F9EF33}.Release|Any CPU.Build.0 = Release|Any CPU
	EndGlobalSection
	GlobalSection(SolutionProperties) = preSolution
		HideSolutionNode = FALSE
	EndGlobalSection
EndGlobal
